
Microsoft Visual Studio Solution File, Format Version 12.00
# Visual Studio Version 16
VisualStudioVersion = 16.0.33529.622
MinimumVisualStudioVersion = 10.0.40219.1
Project("{FAE04EC0-301F-11D3-BF4B-00C04F79EFBC}") = "ChargeLanguage", "WindowsFormsApp1\ChargeLanguage.csproj", "{69A1397C-98A7-45C1-BDB4-BC435B11FEAB}"
EndProject
Global
	GlobalSection(SolutionConfigurationPlatforms) = preSolution
		Debug|Any CPU = Debug|Any CPU
		Release|Any CPU = Release|Any CPU
	EndGlobalSection
	GlobalSection(ProjectConfigurationPlatforms) = postSolution
		{69A1397C-98A7-45C1-BDB4-BC435B11FEAB}.Debug|Any CPU.ActiveCfg = Debug|Any CPU
		{69A1397C-98A7-45C1-BDB4-BC435B11FEAB}.Debug|Any CPU.Build.0 = Debug|Any CPU
		{69A1397C-98A7-45C1-BDB4-BC435B11FEAB}.Release|Any CPU.ActiveCfg = Release|Any CPU
		{69A1397C-98A7-45C1-BDB4-BC435B11FEAB}.Release|Any CPU.Build.0 = Release|Any CPU
	EndGlobalSection
	GlobalSection(SolutionProperties) = preSolution
		HideSolutionNode = FALSE
	EndGlobalSection
	GlobalSection(ExtensibilityGlobals) = postSolution
		SolutionGuid = {C3054020-7E23-42BB-9893-9DF8A141EA97}
	EndGlobalSection
EndGlobal
